
Microsoft Visual Studio Solution File, Format Version 12.00
# Visual Studio Version 17
VisualStudioVersion = 17.9.34723.18
MinimumVisualStudioVersion = 10.0.40219.1
Project("{FAE04EC0-301F-11D3-BF4B-00C04F79EFBC}") = "Projek_TiketKonser", "Projek_TiketKonser\Projek_TiketKonser.csproj", "{202E511C-54A0-498F-AA57-260B6E01B58E}"
EndProject
Global
	GlobalSection(SolutionConfigurationPlatforms) = preSolution
		Debug|Any CPU = Debug|Any CPU
		Release|Any CPU = Release|Any CPU
	EndGlobalSection
	GlobalSection(ProjectConfigurationPlatforms) = postSolution
		{202E511C-54A0-498F-AA57-260B6E01B58E}.Debug|Any CPU.ActiveCfg = Debug|Any CPU
		{202E511C-54A0-498F-AA57-260B6E01B58E}.Debug|Any CPU.Build.0 = Debug|Any CPU
		{202E511C-54A0-498F-AA57-260B6E01B58E}.Release|Any CPU.ActiveCfg = Release|Any CPU
		{202E511C-54A0-498F-AA57-260B6E01B58E}.Release|Any CPU.Build.0 = Release|Any CPU
	EndGlobalSection
	GlobalSection(SolutionProperties) = preSolution
		HideSolutionNode = FALSE
	EndGlobalSection
	GlobalSection(ExtensibilityGlobals) = postSolution
		SolutionGuid = {45C23031-7911-4480-AAB5-86D140313CCD}
	EndGlobalSection
EndGlobal
