
Microsoft Visual Studio Solution File, Format Version 12.00
# Visual Studio Version 17
VisualStudioVersion = 17.9.34723.18
MinimumVisualStudioVersion = 10.0.40219.1
Project("{FAE04EC0-301F-11D3-BF4B-00C04F79EFBC}") = "praktik4.8", "praktik4.8\praktik4.8.csproj", "{1EAFDEDB-6B10-4CC7-B0B9-E290C1753B07}"
EndProject
Global
	GlobalSection(SolutionConfigurationPlatforms) = preSolution
		Debug|Any CPU = Debug|Any CPU
		Release|Any CPU = Release|Any CPU
	EndGlobalSection
	GlobalSection(ProjectConfigurationPlatforms) = postSolution
		{1EAFDEDB-6B10-4CC7-B0B9-E290C1753B07}.Debug|Any CPU.ActiveCfg = Debug|Any CPU
		{1EAFDEDB-6B10-4CC7-B0B9-E290C1753B07}.Debug|Any CPU.Build.0 = Debug|Any CPU
		{1EAFDEDB-6B10-4CC7-B0B9-E290C1753B07}.Release|Any CPU.ActiveCfg = Release|Any CPU
		{1EAFDEDB-6B10-4CC7-B0B9-E290C1753B07}.Release|Any CPU.Build.0 = Release|Any CPU
	EndGlobalSection
	GlobalSection(SolutionProperties) = preSolution
		HideSolutionNode = FALSE
	EndGlobalSection
	GlobalSection(ExtensibilityGlobals) = postSolution
		SolutionGuid = {CF9FB480-1A2A-45E0-999A-4A2D4907D2DD}
	EndGlobalSection
EndGlobal
