
Microsoft Visual Studio Solution File, Format Version 12.00
# Visual Studio Version 17
VisualStudioVersion = 17.9.34723.18
MinimumVisualStudioVersion = 10.0.40219.1
Project("{FAE04EC0-301F-11D3-BF4B-00C04F79EFBC}") = "praktik6.2_linda_pplg2", "praktik6.2_linda_pplg2\praktik6.2_linda_pplg2.csproj", "{B4DCA973-6C86-4E07-AED2-1452E4FD7310}"
EndProject
Global
	GlobalSection(SolutionConfigurationPlatforms) = preSolution
		Debug|Any CPU = Debug|Any CPU
		Release|Any CPU = Release|Any CPU
	EndGlobalSection
	GlobalSection(ProjectConfigurationPlatforms) = postSolution
		{B4DCA973-6C86-4E07-AED2-1452E4FD7310}.Debug|Any CPU.ActiveCfg = Debug|Any CPU
		{B4DCA973-6C86-4E07-AED2-1452E4FD7310}.Debug|Any CPU.Build.0 = Debug|Any CPU
		{B4DCA973-6C86-4E07-AED2-1452E4FD7310}.Release|Any CPU.ActiveCfg = Release|Any CPU
		{B4DCA973-6C86-4E07-AED2-1452E4FD7310}.Release|Any CPU.Build.0 = Release|Any CPU
	EndGlobalSection
	GlobalSection(SolutionProperties) = preSolution
		HideSolutionNode = FALSE
	EndGlobalSection
	GlobalSection(ExtensibilityGlobals) = postSolution
		SolutionGuid = {DABDC2C0-7CC7-492E-8B01-9144E2C9308A}
	EndGlobalSection
EndGlobal
