
Microsoft Visual Studio Solution File, Format Version 12.00
# Visual Studio Version 17
VisualStudioVersion = 17.9.34723.18
MinimumVisualStudioVersion = 10.0.40219.1
Project("{FAE04EC0-301F-11D3-BF4B-00C04F79EFBC}") = "tugas2_(7)", "tugas2_(7)\tugas2_(7).csproj", "{61F1F1B8-7BA2-47FD-A97F-EE60261239F8}"
EndProject
Global
	GlobalSection(SolutionConfigurationPlatforms) = preSolution
		Debug|Any CPU = Debug|Any CPU
		Release|Any CPU = Release|Any CPU
	EndGlobalSection
	GlobalSection(ProjectConfigurationPlatforms) = postSolution
		{61F1F1B8-7BA2-47FD-A97F-EE60261239F8}.Debug|Any CPU.ActiveCfg = Debug|Any CPU
		{61F1F1B8-7BA2-47FD-A97F-EE60261239F8}.Debug|Any CPU.Build.0 = Debug|Any CPU
		{61F1F1B8-7BA2-47FD-A97F-EE60261239F8}.Release|Any CPU.ActiveCfg = Release|Any CPU
		{61F1F1B8-7BA2-47FD-A97F-EE60261239F8}.Release|Any CPU.Build.0 = Release|Any CPU
	EndGlobalSection
	GlobalSection(SolutionProperties) = preSolution
		HideSolutionNode = FALSE
	EndGlobalSection
	GlobalSection(ExtensibilityGlobals) = postSolution
		SolutionGuid = {3D759149-8F49-4CBF-844A-9EA3E2B8941B}
	EndGlobalSection
EndGlobal
