
Microsoft Visual Studio Solution File, Format Version 12.00
# Visual Studio Version 17
VisualStudioVersion = 17.9.34723.18
MinimumVisualStudioVersion = 10.0.40219.1
Project("{FAE04EC0-301F-11D3-BF4B-00C04F79EFBC}") = "fungsi_hitung_luas", "fungsi_hitung_luas\fungsi_hitung_luas.csproj", "{9F15BFDF-AD2B-4A07-9220-7A14FE7AABFF}"
EndProject
Global
	GlobalSection(SolutionConfigurationPlatforms) = preSolution
		Debug|Any CPU = Debug|Any CPU
		Release|Any CPU = Release|Any CPU
	EndGlobalSection
	GlobalSection(ProjectConfigurationPlatforms) = postSolution
		{9F15BFDF-AD2B-4A07-9220-7A14FE7AABFF}.Debug|Any CPU.ActiveCfg = Debug|Any CPU
		{9F15BFDF-AD2B-4A07-9220-7A14FE7AABFF}.Debug|Any CPU.Build.0 = Debug|Any CPU
		{9F15BFDF-AD2B-4A07-9220-7A14FE7AABFF}.Release|Any CPU.ActiveCfg = Release|Any CPU
		{9F15BFDF-AD2B-4A07-9220-7A14FE7AABFF}.Release|Any CPU.Build.0 = Release|Any CPU
	EndGlobalSection
	GlobalSection(SolutionProperties) = preSolution
		HideSolutionNode = FALSE
	EndGlobalSection
	GlobalSection(ExtensibilityGlobals) = postSolution
		SolutionGuid = {763B38C5-63FE-4BD5-BCF6-31B0FCDE3498}
	EndGlobalSection
EndGlobal
