
Microsoft Visual Studio Solution File, Format Version 12.00
# Visual Studio Version 17
VisualStudioVersion = 17.9.34723.18
MinimumVisualStudioVersion = 10.0.40219.1
Project("{FAE04EC0-301F-11D3-BF4B-00C04F79EFBC}") = "tugas1_(7)", "tugas1_(7)\tugas1_(7).csproj", "{CBC2BC8E-FA0D-45F9-9263-D96996A571F3}"
EndProject
Global
	GlobalSection(SolutionConfigurationPlatforms) = preSolution
		Debug|Any CPU = Debug|Any CPU
		Release|Any CPU = Release|Any CPU
	EndGlobalSection
	GlobalSection(ProjectConfigurationPlatforms) = postSolution
		{CBC2BC8E-FA0D-45F9-9263-D96996A571F3}.Debug|Any CPU.ActiveCfg = Debug|Any CPU
		{CBC2BC8E-FA0D-45F9-9263-D96996A571F3}.Debug|Any CPU.Build.0 = Debug|Any CPU
		{CBC2BC8E-FA0D-45F9-9263-D96996A571F3}.Release|Any CPU.ActiveCfg = Release|Any CPU
		{CBC2BC8E-FA0D-45F9-9263-D96996A571F3}.Release|Any CPU.Build.0 = Release|Any CPU
	EndGlobalSection
	GlobalSection(SolutionProperties) = preSolution
		HideSolutionNode = FALSE
	EndGlobalSection
	GlobalSection(ExtensibilityGlobals) = postSolution
		SolutionGuid = {5855FE81-A6FF-4B24-942D-BD5F888C7570}
	EndGlobalSection
EndGlobal
